
Microsoft Visual Studio Solution File, Format Version 12.00
# Visual Studio Version 17
VisualStudioVersion = 17.0.32901.226
MinimumVisualStudioVersion = 10.0.40219.1
Project("{FAE04EC0-301F-11D3-BF4B-00C04F79EFBC}") = "WebAppForTestGitHubDeploy", "WebAppForTestGitHubDeploy\WebAppForTestGitHubDeploy.csproj", "{A3F722AE-279C-4989-B3C7-A61C0FE26570}"
EndProject
Global
	GlobalSection(SolutionConfigurationPlatforms) = preSolution
		Debug|Any CPU = Debug|Any CPU
		Release|Any CPU = Release|Any CPU
	EndGlobalSection
	GlobalSection(ProjectConfigurationPlatforms) = postSolution
		{A3F722AE-279C-4989-B3C7-A61C0FE26570}.Debug|Any CPU.ActiveCfg = Debug|Any CPU
		{A3F722AE-279C-4989-B3C7-A61C0FE26570}.Debug|Any CPU.Build.0 = Debug|Any CPU
		{A3F722AE-279C-4989-B3C7-A61C0FE26570}.Release|Any CPU.ActiveCfg = Release|Any CPU
		{A3F722AE-279C-4989-B3C7-A61C0FE26570}.Release|Any CPU.Build.0 = Release|Any CPU
	EndGlobalSection
	GlobalSection(SolutionProperties) = preSolution
		HideSolutionNode = FALSE
	EndGlobalSection
	GlobalSection(ExtensibilityGlobals) = postSolution
		SolutionGuid = {99744186-CD4F-41D4-8660-798DD921BEBD}
	EndGlobalSection
EndGlobal
